// !$*UTF8*$!
{
	archiveVersion = 1;
	classes = {
	};
	objectVersion = 46;
	objects = {

/* Begin PBXBuildFile section */
		0A1949FF1D95AF580002EA58 /* ChatMessageController.swift in Sources */ = {isa = PBXBuildFile; fileRef = 0A1949FE1D95AF580002EA58 /* ChatMessageController.swift */; };
		0A3A64CF1D76982800C22FD6 /* AppDelegate.swift in Sources */ = {isa = PBXBuildFile; fileRef = 0A3A64CE1D76982800C22FD6 /* AppDelegate.swift */; };
		0A3A64D61D76982800C22FD6 /* Assets.xcassets in Resources */ = {isa = PBXBuildFile; fileRef = 0A3A64D51D76982800C22FD6 /* Assets.xcassets */; };
		0A3A64D91D76982800C22FD6 /* LaunchScreen.storyboard in Resources */ = {isa = PBXBuildFile; fileRef = 0A3A64D71D76982800C22FD6 /* LaunchScreen.storyboard */; };
		0A3A64E41D76982A00C22FD6 /* uSecureTests.swift in Sources */ = {isa = PBXBuildFile; fileRef = 0A3A64E31D76982A00C22FD6 /* uSecureTests.swift */; };
		0A3A64EF1D76982A00C22FD6 /* uSecureUITests.swift in Sources */ = {isa = PBXBuildFile; fileRef = 0A3A64EE1D76982A00C22FD6 /* uSecureUITests.swift */; };
		0A3A64FF1D769A1100C22FD6 /* GoogleService-Info.plist in Resources */ = {isa = PBXBuildFile; fileRef = 0A3A64FE1D769A1100C22FD6 /* GoogleService-Info.plist */; };
		0A3A65011D769C5600C22FD6 /* User.swift in Sources */ = {isa = PBXBuildFile; fileRef = 0A3A65001D769C5600C22FD6 /* User.swift */; };
		0A3A65041D769CF200C22FD6 /* Message.swift in Sources */ = {isa = PBXBuildFile; fileRef = 0A3A65031D769CF200C22FD6 /* Message.swift */; };
		0A3A65081D76A3F300C22FD6 /* Extensions.swift in Sources */ = {isa = PBXBuildFile; fileRef = 0A3A65071D76A3F300C22FD6 /* Extensions.swift */; };
		0A6B17291D9BBCFC00B8AB09 /* uSecureTests.swift in Sources */ = {isa = PBXBuildFile; fileRef = 0A3A64E31D76982A00C22FD6 /* uSecureTests.swift */; };
		0A6B172B1D9D088500B8AB09 /* TabbarController.swift in Sources */ = {isa = PBXBuildFile; fileRef = 0A6B172A1D9D088500B8AB09 /* TabbarController.swift */; };
		0A6B172F1D9D0CD000B8AB09 /* AlarmController.swift in Sources */ = {isa = PBXBuildFile; fileRef = 0A6B172E1D9D0CD000B8AB09 /* AlarmController.swift */; };
		0AEE2AC61D7D4B9B005E48D8 /* GroupMessagesController.swift in Sources */ = {isa = PBXBuildFile; fileRef = 0AEE2AC51D7D4B9B005E48D8 /* GroupMessagesController.swift */; };
		3DAE838B0378B56A5D541AA7 /* Pods_uSecureTests.framework in Frameworks */ = {isa = PBXBuildFile; fileRef = 4B108E446B2507E978404394 /* Pods_uSecureTests.framework */; };
		4DF323E50E8BF56649217446 /* Pods_uSecure.framework in Frameworks */ = {isa = PBXBuildFile; fileRef = F8A73F1A1E8C453F81741FA9 /* Pods_uSecure.framework */; };
		9EC97906FE19F0962713504E /* Pods_uSecureUITests.framework in Frameworks */ = {isa = PBXBuildFile; fileRef = 39214AB0F1AA15F6C5E43743 /* Pods_uSecureUITests.framework */; };
/* End PBXBuildFile section */

/* Begin PBXContainerItemProxy section */
		0A3A64E01D76982A00C22FD6 /* PBXContainerItemProxy */ = {
			isa = PBXContainerItemProxy;
			containerPortal = 0A3A64C31D76982400C22FD6 /* Project object */;
			proxyType = 1;
			remoteGlobalIDString = 0A3A64CA1D76982500C22FD6;
			remoteInfo = uSecure;
		};
		0A3A64EB1D76982A00C22FD6 /* PBXContainerItemProxy */ = {
			isa = PBXContainerItemProxy;
			containerPortal = 0A3A64C31D76982400C22FD6 /* Project object */;
			proxyType = 1;
			remoteGlobalIDString = 0A3A64CA1D76982500C22FD6;
			remoteInfo = uSecure;
		};
/* End PBXContainerItemProxy section */

/* Begin PBXFileReference section */
		0A1949FE1D95AF580002EA58 /* ChatMessageController.swift */ = {isa = PBXFileReference; fileEncoding = 4; lastKnownFileType = sourcecode.swift; path = ChatMessageController.swift; sourceTree = "<group>"; };
		0A3A64CB1D76982500C22FD6 /* uSecure.app */ = {isa = PBXFileReference; explicitFileType = wrapper.application; includeInIndex = 0; path = uSecure.app; sourceTree = BUILT_PRODUCTS_DIR; };
		0A3A64CE1D76982800C22FD6 /* AppDelegate.swift */ = {isa = PBXFileReference; lastKnownFileType = sourcecode.swift; path = AppDelegate.swift; sourceTree = "<group>"; };
		0A3A64D51D76982800C22FD6 /* Assets.xcassets */ = {isa = PBXFileReference; lastKnownFileType = folder.assetcatalog; path = Assets.xcassets; sourceTree = "<group>"; };
		0A3A64D81D76982800C22FD6 /* Base */ = {isa = PBXFileReference; lastKnownFileType = file.storyboard; name = Base; path = Base.lproj/LaunchScreen.storyboard; sourceTree = "<group>"; };
		0A3A64DA1D76982800C22FD6 /* Info.plist */ = {isa = PBXFileReference; lastKnownFileType = text.plist.xml; path = Info.plist; sourceTree = "<group>"; };
		0A3A64DF1D76982A00C22FD6 /* uSecureTests.xctest */ = {isa = PBXFileReference; explicitFileType = wrapper.cfbundle; includeInIndex = 0; path = uSecureTests.xctest; sourceTree = BUILT_PRODUCTS_DIR; };
		0A3A64E31D76982A00C22FD6 /* uSecureTests.swift */ = {isa = PBXFileReference; lastKnownFileType = sourcecode.swift; path = uSecureTests.swift; sourceTree = "<group>"; };
		0A3A64E51D76982A00C22FD6 /* Info.plist */ = {isa = PBXFileReference; lastKnownFileType = text.plist.xml; path = Info.plist; sourceTree = "<group>"; };
		0A3A64EA1D76982A00C22FD6 /* uSecureUITests.xctest */ = {isa = PBXFileReference; explicitFileType = wrapper.cfbundle; includeInIndex = 0; path = uSecureUITests.xctest; sourceTree = BUILT_PRODUCTS_DIR; };
		0A3A64EE1D76982A00C22FD6 /* uSecureUITests.swift */ = {isa = PBXFileReference; lastKnownFileType = sourcecode.swift; path = uSecureUITests.swift; sourceTree = "<group>"; };
		0A3A64F01D76982A00C22FD6 /* Info.plist */ = {isa = PBXFileReference; lastKnownFileType = text.plist.xml; path = Info.plist; sourceTree = "<group>"; };
		0A3A64FE1D769A1100C22FD6 /* GoogleService-Info.plist */ = {isa = PBXFileReference; fileEncoding = 4; lastKnownFileType = text.plist.xml; path = "GoogleService-Info.plist"; sourceTree = "<group>"; };
		0A3A65001D769C5600C22FD6 /* User.swift */ = {isa = PBXFileReference; fileEncoding = 4; lastKnownFileType = sourcecode.swift; path = User.swift; sourceTree = "<group>"; };
		0A3A65031D769CF200C22FD6 /* Message.swift */ = {isa = PBXFileReference; fileEncoding = 4; lastKnownFileType = sourcecode.swift; path = Message.swift; sourceTree = "<group>"; };
		0A3A65071D76A3F300C22FD6 /* Extensions.swift */ = {isa = PBXFileReference; fileEncoding = 4; lastKnownFileType = sourcecode.swift; path = Extensions.swift; sourceTree = "<group>"; };
		0A6B172A1D9D088500B8AB09 /* TabbarController.swift */ = {isa = PBXFileReference; fileEncoding = 4; lastKnownFileType = sourcecode.swift; path = TabbarController.swift; sourceTree = "<group>"; };
		0A6B172E1D9D0CD000B8AB09 /* AlarmController.swift */ = {isa = PBXFileReference; fileEncoding = 4; lastKnownFileType = sourcecode.swift; path = AlarmController.swift; sourceTree = "<group>"; };
		0AEE2AC51D7D4B9B005E48D8 /* GroupMessagesController.swift */ = {isa = PBXFileReference; fileEncoding = 4; lastKnownFileType = sourcecode.swift; path = GroupMessagesController.swift; sourceTree = "<group>"; };
		110CE6C815A8A7D4BD412885 /* Pods-uSecureUITests.release.xcconfig */ = {isa = PBXFileReference; includeInIndex = 1; lastKnownFileType = text.xcconfig; name = "Pods-uSecureUITests.release.xcconfig"; path = "Pods/Target Support Files/Pods-uSecureUITests/Pods-uSecureUITests.release.xcconfig"; sourceTree = "<group>"; };
		12690175F5C4453E11583EC9 /* Pods-uSecure.debug.xcconfig */ = {isa = PBXFileReference; includeInIndex = 1; lastKnownFileType = text.xcconfig; name = "Pods-uSecure.debug.xcconfig"; path = "Pods/Target Support Files/Pods-uSecure/Pods-uSecure.debug.xcconfig"; sourceTree = "<group>"; };
		382F97C9F8CCEBDD57820573 /* Pods-uSecure.release.xcconfig */ = {isa = PBXFileReference; includeInIndex = 1; lastKnownFileType = text.xcconfig; name = "Pods-uSecure.release.xcconfig"; path = "Pods/Target Support Files/Pods-uSecure/Pods-uSecure.release.xcconfig"; sourceTree = "<group>"; };
		39214AB0F1AA15F6C5E43743 /* Pods_uSecureUITests.framework */ = {isa = PBXFileReference; explicitFileType = wrapper.framework; includeInIndex = 0; path = Pods_uSecureUITests.framework; sourceTree = BUILT_PRODUCTS_DIR; };
		48403F365D9F8AD4F2590DCB /* Pods-uSecureTests.debug.xcconfig */ = {isa = PBXFileReference; includeInIndex = 1; lastKnownFileType = text.xcconfig; name = "Pods-uSecureTests.debug.xcconfig"; path = "Pods/Target Support Files/Pods-uSecureTests/Pods-uSecureTests.debug.xcconfig"; sourceTree = "<group>"; };
		4B108E446B2507E978404394 /* Pods_uSecureTests.framework */ = {isa = PBXFileReference; explicitFileType = wrapper.framework; includeInIndex = 0; path = Pods_uSecureTests.framework; sourceTree = BUILT_PRODUCTS_DIR; };
		4DB15EA5287411C0CB0D4E5B /* Pods-uSecureUITests.debug.xcconfig */ = {isa = PBXFileReference; includeInIndex = 1; lastKnownFileType = text.xcconfig; name = "Pods-uSecureUITests.debug.xcconfig"; path = "Pods/Target Support Files/Pods-uSecureUITests/Pods-uSecureUITests.debug.xcconfig"; sourceTree = "<group>"; };
		9F03698B1F87AA988B803FCF /* Pods-uSecureTests.release.xcconfig */ = {isa = PBXFileReference; includeInIndex = 1; lastKnownFileType = text.xcconfig; name = "Pods-uSecureTests.release.xcconfig"; path = "Pods/Target Support Files/Pods-uSecureTests/Pods-uSecureTests.release.xcconfig"; sourceTree = "<group>"; };
		F8A73F1A1E8C453F81741FA9 /* Pods_uSecure.framework */ = {isa = PBXFileReference; explicitFileType = wrapper.framework; includeInIndex = 0; path = Pods_uSecure.framework; sourceTree = BUILT_PRODUCTS_DIR; };
/* End PBXFileReference section */

/* Begin PBXFrameworksBuildPhase section */
		0A3A64C81D76982500C22FD6 /* Frameworks */ = {
			isa = PBXFrameworksBuildPhase;
			buildActionMask = 2147483647;
			files = (
				4DF323E50E8BF56649217446 /* Pods_uSecure.framework in Frameworks */,
			);
			runOnlyForDeploymentPostprocessing = 0;
		};
		0A3A64DC1D76982A00C22FD6 /* Frameworks */ = {
			isa = PBXFrameworksBuildPhase;
			buildActionMask = 2147483647;
			files = (
				3DAE838B0378B56A5D541AA7 /* Pods_uSecureTests.framework in Frameworks */,
			);
			runOnlyForDeploymentPostprocessing = 0;
		};
		0A3A64E71D76982A00C22FD6 /* Frameworks */ = {
			isa = PBXFrameworksBuildPhase;
			buildActionMask = 2147483647;
			files = (
				9EC97906FE19F0962713504E /* Pods_uSecureUITests.framework in Frameworks */,
			);
			runOnlyForDeploymentPostprocessing = 0;
		};
/* End PBXFrameworksBuildPhase section */

/* Begin PBXGroup section */
		0A3A64C21D76982400C22FD6 = {
			isa = PBXGroup;
			children = (
				0A3A64CD1D76982800C22FD6 /* uSecure */,
				0A3A64E21D76982A00C22FD6 /* uSecureTests */,
				0A3A64ED1D76982A00C22FD6 /* uSecureUITests */,
				0A3A64CC1D76982500C22FD6 /* Products */,
				FA2CC28FCA2104A9A029FAF4 /* Pods */,
				6B0769F3EFBE1C0B557809F7 /* Frameworks */,
			);
			sourceTree = "<group>";
		};
		0A3A64CC1D76982500C22FD6 /* Products */ = {
			isa = PBXGroup;
			children = (
				0A3A64CB1D76982500C22FD6 /* uSecure.app */,
				0A3A64DF1D76982A00C22FD6 /* uSecureTests.xctest */,
				0A3A64EA1D76982A00C22FD6 /* uSecureUITests.xctest */,
			);
			name = Products;
			sourceTree = "<group>";
		};
		0A3A64CD1D76982800C22FD6 /* uSecure */ = {
			isa = PBXGroup;
			children = (
				0A3A65021D769CDA00C22FD6 /* Models */,
				0A3A64CE1D76982800C22FD6 /* AppDelegate.swift */,
				0A3A64D51D76982800C22FD6 /* Assets.xcassets */,
				0A3A64FE1D769A1100C22FD6 /* GoogleService-Info.plist */,
				0A3A64D71D76982800C22FD6 /* LaunchScreen.storyboard */,
				0A3A64DA1D76982800C22FD6 /* Info.plist */,
				0A3A65071D76A3F300C22FD6 /* Extensions.swift */,
				0AEE2AC51D7D4B9B005E48D8 /* GroupMessagesController.swift */,
				0A1949FE1D95AF580002EA58 /* ChatMessageController.swift */,
				0A6B172A1D9D088500B8AB09 /* TabbarController.swift */,
				0A6B172E1D9D0CD000B8AB09 /* AlarmController.swift */,
			);
			path = uSecure;
			sourceTree = "<group>";
		};
		0A3A64E21D76982A00C22FD6 /* uSecureTests */ = {
			isa = PBXGroup;
			children = (
				0A3A64E31D76982A00C22FD6 /* uSecureTests.swift */,
				0A3A64E51D76982A00C22FD6 /* Info.plist */,
			);
			path = uSecureTests;
			sourceTree = "<group>";
		};
		0A3A64ED1D76982A00C22FD6 /* uSecureUITests */ = {
			isa = PBXGroup;
			children = (
				0A3A64EE1D76982A00C22FD6 /* uSecureUITests.swift */,
				0A3A64F01D76982A00C22FD6 /* Info.plist */,
			);
			path = uSecureUITests;
			sourceTree = "<group>";
		};
		0A3A65021D769CDA00C22FD6 /* Models */ = {
			isa = PBXGroup;
			children = (
				0A3A65001D769C5600C22FD6 /* User.swift */,
				0A3A65031D769CF200C22FD6 /* Message.swift */,
			);
			name = Models;
			sourceTree = "<group>";
		};
		6B0769F3EFBE1C0B557809F7 /* Frameworks */ = {
			isa = PBXGroup;
			children = (
				F8A73F1A1E8C453F81741FA9 /* Pods_uSecure.framework */,
				4B108E446B2507E978404394 /* Pods_uSecureTests.framework */,
				39214AB0F1AA15F6C5E43743 /* Pods_uSecureUITests.framework */,
			);
			name = Frameworks;
			sourceTree = "<group>";
		};
		FA2CC28FCA2104A9A029FAF4 /* Pods */ = {
			isa = PBXGroup;
			children = (
				12690175F5C4453E11583EC9 /* Pods-uSecure.debug.xcconfig */,
				382F97C9F8CCEBDD57820573 /* Pods-uSecure.release.xcconfig */,
				48403F365D9F8AD4F2590DCB /* Pods-uSecureTests.debug.xcconfig */,
				9F03698B1F87AA988B803FCF /* Pods-uSecureTests.release.xcconfig */,
				4DB15EA5287411C0CB0D4E5B /* Pods-uSecureUITests.debug.xcconfig */,
				110CE6C815A8A7D4BD412885 /* Pods-uSecureUITests.release.xcconfig */,
			);
			name = Pods;
			sourceTree = "<group>";
		};
/* End PBXGroup section */

/* Begin PBXNativeTarget section */
		0A3A64CA1D76982500C22FD6 /* uSecure */ = {
			isa = PBXNativeTarget;
			buildConfigurationList = 0A3A64F31D76982A00C22FD6 /* Build configuration list for PBXNativeTarget "uSecure" */;
			buildPhases = (
				D9CCE1AAB8D4651741E5AB97 /* 📦 Check Pods Manifest.lock */,
				0A3A64C71D76982500C22FD6 /* Sources */,
				0A3A64C81D76982500C22FD6 /* Frameworks */,
				0A3A64C91D76982500C22FD6 /* Resources */,
				34792B6249E82905ACF07972 /* 📦 Embed Pods Frameworks */,
				4A0082CFD732F736A3B4C603 /* 📦 Copy Pods Resources */,
			);
			buildRules = (
			);
			dependencies = (
			);
			name = uSecure;
			productName = uSecure;
			productReference = 0A3A64CB1D76982500C22FD6 /* uSecure.app */;
			productType = "com.apple.product-type.application";
		};
		0A3A64DE1D76982A00C22FD6 /* uSecureTests */ = {
			isa = PBXNativeTarget;
			buildConfigurationList = 0A3A64F61D76982A00C22FD6 /* Build configuration list for PBXNativeTarget "uSecureTests" */;
			buildPhases = (
				93493D77FDDD6CCD4B9462B0 /* 📦 Check Pods Manifest.lock */,
				0A3A64DB1D76982A00C22FD6 /* Sources */,
				0A3A64DC1D76982A00C22FD6 /* Frameworks */,
				0A3A64DD1D76982A00C22FD6 /* Resources */,
				1E9D53084270940F176C2B23 /* 📦 Embed Pods Frameworks */,
				34B612F8724F53871C91BD90 /* 📦 Copy Pods Resources */,
			);
			buildRules = (
			);
			dependencies = (
				0A3A64E11D76982A00C22FD6 /* PBXTargetDependency */,
			);
			name = uSecureTests;
			productName = uSecureTests;
			productReference = 0A3A64DF1D76982A00C22FD6 /* uSecureTests.xctest */;
			productType = "com.apple.product-type.bundle.unit-test";
		};
		0A3A64E91D76982A00C22FD6 /* uSecureUITests */ = {
			isa = PBXNativeTarget;
			buildConfigurationList = 0A3A64F91D76982A00C22FD6 /* Build configuration list for PBXNativeTarget "uSecureUITests" */;
			buildPhases = (
				100C1FC720B56F60CC92C60C /* 📦 Check Pods Manifest.lock */,
				0A3A64E61D76982A00C22FD6 /* Sources */,
				0A3A64E71D76982A00C22FD6 /* Frameworks */,
				0A3A64E81D76982A00C22FD6 /* Resources */,
				B7DF5B9ACA3D2D21EC70A17C /* 📦 Copy Pods Resources */,
			);
			buildRules = (
			);
			dependencies = (
				0A3A64EC1D76982A00C22FD6 /* PBXTargetDependency */,
			);
			name = uSecureUITests;
			productName = uSecureUITests;
			productReference = 0A3A64EA1D76982A00C22FD6 /* uSecureUITests.xctest */;
			productType = "com.apple.product-type.bundle.ui-testing";
		};
/* End PBXNativeTarget section */

/* Begin PBXProject section */
		0A3A64C31D76982400C22FD6 /* Project object */ = {
			isa = PBXProject;
			attributes = {
				LastSwiftUpdateCheck = 0730;
				LastUpgradeCheck = 0800;
				ORGANIZATIONNAME = "Kevin Grozav";
				TargetAttributes = {
					0A3A64CA1D76982500C22FD6 = {
						CreatedOnToolsVersion = 7.3.1;
						DevelopmentTeam = GGSXB9AK9F;
						LastSwiftMigration = 0800;
					};
					0A3A64DE1D76982A00C22FD6 = {
						CreatedOnToolsVersion = 7.3.1;
						DevelopmentTeam = GGSXB9AK9F;
						LastSwiftMigration = 0800;
						TestTargetID = 0A3A64CA1D76982500C22FD6;
					};
					0A3A64E91D76982A00C22FD6 = {
						CreatedOnToolsVersion = 7.3.1;
						DevelopmentTeam = GGSXB9AK9F;
						LastSwiftMigration = 0800;
						TestTargetID = 0A3A64CA1D76982500C22FD6;
					};
				};
			};
			buildConfigurationList = 0A3A64C61D76982400C22FD6 /* Build configuration list for PBXProject "uSecure" */;
			compatibilityVersion = "Xcode 3.2";
			developmentRegion = English;
			hasScannedForEncodings = 0;
			knownRegions = (
				en,
				Base,
			);
			mainGroup = 0A3A64C21D76982400C22FD6;
			productRefGroup = 0A3A64CC1D76982500C22FD6 /* Products */;
			projectDirPath = "";
			projectRoot = "";
			targets = (
				0A3A64CA1D76982500C22FD6 /* uSecure */,
				0A3A64DE1D76982A00C22FD6 /* uSecureTests */,
				0A3A64E91D76982A00C22FD6 /* uSecureUITests */,
			);
		};
/* End PBXProject section */

/* Begin PBXResourcesBuildPhase section */
		0A3A64C91D76982500C22FD6 /* Resources */ = {
			isa = PBXResourcesBuildPhase;
			buildActionMask = 2147483647;
			files = (
				0A3A64D91D76982800C22FD6 /* LaunchScreen.storyboard in Resources */,
				0A3A64D61D76982800C22FD6 /* Assets.xcassets in Resources */,
				0A3A64FF1D769A1100C22FD6 /* GoogleService-Info.plist in Resources */,
			);
			runOnlyForDeploymentPostprocessing = 0;
		};
		0A3A64DD1D76982A00C22FD6 /* Resources */ = {
			isa = PBXResourcesBuildPhase;
			buildActionMask = 2147483647;
			files = (
			);
			runOnlyForDeploymentPostprocessing = 0;
		};
		0A3A64E81D76982A00C22FD6 /* Resources */ = {
			isa = PBXResourcesBuildPhase;
			buildActionMask = 2147483647;
			files = (
			);
			runOnlyForDeploymentPostprocessing = 0;
		};
/* End PBXResourcesBuildPhase section */

/* Begin PBXShellScriptBuildPhase section */
		100C1FC720B56F60CC92C60C /* 📦 Check Pods Manifest.lock */ = {
			isa = PBXShellScriptBuildPhase;
			buildActionMask = 2147483647;
			files = (
			);
			inputPaths = (
			);
			name = "📦 Check Pods Manifest.lock";
			outputPaths = (
			);
			runOnlyForDeploymentPostprocessing = 0;
			shellPath = /bin/sh;
			shellScript = "diff \"${PODS_ROOT}/../Podfile.lock\" \"${PODS_ROOT}/Manifest.lock\" > /dev/null\nif [[ $? != 0 ]] ; then\n    cat << EOM\nerror: The sandbox is not in sync with the Podfile.lock. Run 'pod install' or update your CocoaPods installation.\nEOM\n    exit 1\nfi\n";
			showEnvVarsInLog = 0;
		};
		1E9D53084270940F176C2B23 /* 📦 Embed Pods Frameworks */ = {
			isa = PBXShellScriptBuildPhase;
			buildActionMask = 2147483647;
			files = (
			);
			inputPaths = (
			);
			name = "📦 Embed Pods Frameworks";
			outputPaths = (
			);
			runOnlyForDeploymentPostprocessing = 0;
			shellPath = /bin/sh;
			shellScript = "\"${SRCROOT}/Pods/Target Support Files/Pods-uSecureTests/Pods-uSecureTests-frameworks.sh\"\n";
			showEnvVarsInLog = 0;
		};
		34792B6249E82905ACF07972 /* 📦 Embed Pods Frameworks */ = {
			isa = PBXShellScriptBuildPhase;
			buildActionMask = 2147483647;
			files = (
			);
			inputPaths = (
			);
			name = "📦 Embed Pods Frameworks";
			outputPaths = (
			);
			runOnlyForDeploymentPostprocessing = 0;
			shellPath = /bin/sh;
			shellScript = "\"${SRCROOT}/Pods/Target Support Files/Pods-uSecure/Pods-uSecure-frameworks.sh\"\n";
			showEnvVarsInLog = 0;
		};
		34B612F8724F53871C91BD90 /* 📦 Copy Pods Resources */ = {
			isa = PBXShellScriptBuildPhase;
			buildActionMask = 2147483647;
			files = (
			);
			inputPaths = (
			);
			name = "📦 Copy Pods Resources";
			outputPaths = (
			);
			runOnlyForDeploymentPostprocessing = 0;
			shellPath = /bin/sh;
			shellScript = "\"${SRCROOT}/Pods/Target Support Files/Pods-uSecureTests/Pods-uSecureTests-resources.sh\"\n";
			showEnvVarsInLog = 0;
		};
		4A0082CFD732F736A3B4C603 /* 📦 Copy Pods Resources */ = {
			isa = PBXShellScriptBuildPhase;
			buildActionMask = 2147483647;
			files = (
			);
			inputPaths = (
			);
			name = "📦 Copy Pods Resources";
			outputPaths = (
			);
			runOnlyForDeploymentPostprocessing = 0;
			shellPath = /bin/sh;
			shellScript = "\"${SRCROOT}/Pods/Target Support Files/Pods-uSecure/Pods-uSecure-resources.sh\"\n";
			showEnvVarsInLog = 0;
		};
		93493D77FDDD6CCD4B9462B0 /* 📦 Check Pods Manifest.lock */ = {
			isa = PBXShellScriptBuildPhase;
			buildActionMask = 2147483647;
			files = (
			);
			inputPaths = (
			);
			name = "📦 Check Pods Manifest.lock";
			outputPaths = (
			);
			runOnlyForDeploymentPostprocessing = 0;
			shellPath = /bin/sh;
			shellScript = "diff \"${PODS_ROOT}/../Podfile.lock\" \"${PODS_ROOT}/Manifest.lock\" > /dev/null\nif [[ $? != 0 ]] ; then\n    cat << EOM\nerror: The sandbox is not in sync with the Podfile.lock. Run 'pod install' or update your CocoaPods installation.\nEOM\n    exit 1\nfi\n";
			showEnvVarsInLog = 0;
		};
		B7DF5B9ACA3D2D21EC70A17C /* 📦 Copy Pods Resources */ = {
			isa = PBXShellScriptBuildPhase;
			buildActionMask = 2147483647;
			files = (
			);
			inputPaths = (
			);
			name = "📦 Copy Pods Resources";
			outputPaths = (
			);
			runOnlyForDeploymentPostprocessing = 0;
			shellPath = /bin/sh;
			shellScript = "\"${SRCROOT}/Pods/Target Support Files/Pods-uSecureUITests/Pods-uSecureUITests-resources.sh\"\n";
			showEnvVarsInLog = 0;
		};
		D9CCE1AAB8D4651741E5AB97 /* 📦 Check Pods Manifest.lock */ = {
			isa = PBXShellScriptBuildPhase;
			buildActionMask = 2147483647;
			files = (
			);
			inputPaths = (
			);
			name = "📦 Check Pods Manifest.lock";
			outputPaths = (
			);
			runOnlyForDeploymentPostprocessing = 0;
			shellPath = /bin/sh;
			shellScript = "diff \"${PODS_ROOT}/../Podfile.lock\" \"${PODS_ROOT}/Manifest.lock\" > /dev/null\nif [[ $? != 0 ]] ; then\n    cat << EOM\nerror: The sandbox is not in sync with the Podfile.lock. Run 'pod install' or update your CocoaPods installation.\nEOM\n    exit 1\nfi\n";
			showEnvVarsInLog = 0;
		};
/* End PBXShellScriptBuildPhase section */

/* Begin PBXSourcesBuildPhase section */
		0A3A64C71D76982500C22FD6 /* Sources */ = {
			isa = PBXSourcesBuildPhase;
			buildActionMask = 2147483647;
			files = (
				0A3A64CF1D76982800C22FD6 /* AppDelegate.swift in Sources */,
				0A6B172F1D9D0CD000B8AB09 /* AlarmController.swift in Sources */,
				0A3A65081D76A3F300C22FD6 /* Extensions.swift in Sources */,
				0A3A65041D769CF200C22FD6 /* Message.swift in Sources */,
				0A3A65011D769C5600C22FD6 /* User.swift in Sources */,
				0AEE2AC61D7D4B9B005E48D8 /* GroupMessagesController.swift in Sources */,
				0A1949FF1D95AF580002EA58 /* ChatMessageController.swift in Sources */,
				0A6B172B1D9D088500B8AB09 /* TabbarController.swift in Sources */,
			);
			runOnlyForDeploymentPostprocessing = 0;
		};
		0A3A64DB1D76982A00C22FD6 /* Sources */ = {
			isa = PBXSourcesBuildPhase;
			buildActionMask = 2147483647;
			files = (
				0A3A64E41D76982A00C22FD6 /* uSecureTests.swift in Sources */,
			);
			runOnlyForDeploymentPostprocessing = 0;
		};
		0A3A64E61D76982A00C22FD6 /* Sources */ = {
			isa = PBXSourcesBuildPhase;
			buildActionMask = 2147483647;
			files = (
				0A6B17291D9BBCFC00B8AB09 /* uSecureTests.swift in Sources */,
				0A3A64EF1D76982A00C22FD6 /* uSecureUITests.swift in Sources */,
			);
			runOnlyForDeploymentPostprocessing = 0;
		};
/* End PBXSourcesBuildPhase section */

/* Begin PBXTargetDependency section */
		0A3A64E11D76982A00C22FD6 /* PBXTargetDependency */ = {
			isa = PBXTargetDependency;
			target = 0A3A64CA1D76982500C22FD6 /* uSecure */;
			targetProxy = 0A3A64E01D76982A00C22FD6 /* PBXContainerItemProxy */;
		};
		0A3A64EC1D76982A00C22FD6 /* PBXTargetDependency */ = {
			isa = PBXTargetDependency;
			target = 0A3A64CA1D76982500C22FD6 /* uSecure */;
			targetProxy = 0A3A64EB1D76982A00C22FD6 /* PBXContainerItemProxy */;
		};
/* End PBXTargetDependency section */

/* Begin PBXVariantGroup section */
		0A3A64D71D76982800C22FD6 /* LaunchScreen.storyboard */ = {
			isa = PBXVariantGroup;
			children = (
				0A3A64D81D76982800C22FD6 /* Base */,
			);
			name = LaunchScreen.storyboard;
			sourceTree = "<group>";
		};
/* End PBXVariantGroup section */

/* Begin XCBuildConfiguration section */
		0A3A64F11D76982A00C22FD6 /* Debug */ = {
			isa = XCBuildConfiguration;
			buildSettings = {
				ALWAYS_SEARCH_USER_PATHS = NO;
				CLANG_ANALYZER_NONNULL = YES;
				CLANG_CXX_LANGUAGE_STANDARD = "gnu++0x";
				CLANG_CXX_LIBRARY = "libc++";
				CLANG_ENABLE_MODULES = YES;
				CLANG_ENABLE_OBJC_ARC = YES;
				CLANG_WARN_BOOL_CONVERSION = YES;
				CLANG_WARN_CONSTANT_CONVERSION = YES;
				CLANG_WARN_DIRECT_OBJC_ISA_USAGE = YES_ERROR;
				CLANG_WARN_EMPTY_BODY = YES;
				CLANG_WARN_ENUM_CONVERSION = YES;
				CLANG_WARN_INT_CONVERSION = YES;
				CLANG_WARN_OBJC_ROOT_CLASS = YES_ERROR;
				CLANG_WARN_UNREACHABLE_CODE = YES;
				CLANG_WARN__DUPLICATE_METHOD_MATCH = YES;
				"CODE_SIGN_IDENTITY[sdk=iphoneos*]" = "iPhone Developer";
				COPY_PHASE_STRIP = NO;
				DEBUG_INFORMATION_FORMAT = dwarf;
				DEVELOPMENT_TEAM = GGSXB9AK9F;
				ENABLE_STRICT_OBJC_MSGSEND = YES;
				ENABLE_TESTABILITY = YES;
				GCC_C_LANGUAGE_STANDARD = gnu99;
				GCC_DYNAMIC_NO_PIC = NO;
				GCC_NO_COMMON_BLOCKS = YES;
				GCC_OPTIMIZATION_LEVEL = 0;
				GCC_PREPROCESSOR_DEFINITIONS = (
					"DEBUG=1",
					"$(inherited)",
				);
				GCC_WARN_64_TO_32_BIT_CONVERSION = YES;
				GCC_WARN_ABOUT_RETURN_TYPE = YES_ERROR;
				GCC_WARN_UNDECLARED_SELECTOR = YES;
				GCC_WARN_UNINITIALIZED_AUTOS = YES_AGGRESSIVE;
				GCC_WARN_UNUSED_FUNCTION = YES;
				GCC_WARN_UNUSED_VARIABLE = YES;
				IPHONEOS_DEPLOYMENT_TARGET = 9.3;
				MTL_ENABLE_DEBUG_INFO = YES;
				ONLY_ACTIVE_ARCH = YES;
				SDKROOT = iphoneos;
				SWIFT_OPTIMIZATION_LEVEL = "-Onone";
			};
			name = Debug;
		};
		0A3A64F21D76982A00C22FD6 /* Release */ = {
			isa = XCBuildConfiguration;
			buildSettings = {
				ALWAYS_SEARCH_USER_PATHS = NO;
				CLANG_ANALYZER_NONNULL = YES;
				CLANG_CXX_LANGUAGE_STANDARD = "gnu++0x";
				CLANG_CXX_LIBRARY = "libc++";
				CLANG_ENABLE_MODULES = YES;
				CLANG_ENABLE_OBJC_ARC = YES;
				CLANG_WARN_BOOL_CONVERSION = YES;
				CLANG_WARN_CONSTANT_CONVERSION = YES;
				CLANG_WARN_DIRECT_OBJC_ISA_USAGE = YES_ERROR;
				CLANG_WARN_EMPTY_BODY = YES;
				CLANG_WARN_ENUM_CONVERSION = YES;
				CLANG_WARN_INT_CONVERSION = YES;
				CLANG_WARN_OBJC_ROOT_CLASS = YES_ERROR;
				CLANG_WARN_UNREACHABLE_CODE = YES;
				CLANG_WARN__DUPLICATE_METHOD_MATCH = YES;
				"CODE_SIGN_IDENTITY[sdk=iphoneos*]" = "iPhone Developer";
				COPY_PHASE_STRIP = NO;
				DEBUG_INFORMATION_FORMAT = "dwarf-with-dsym";
				DEVELOPMENT_TEAM = GGSXB9AK9F;
				ENABLE_NS_ASSERTIONS = NO;
				ENABLE_STRICT_OBJC_MSGSEND = YES;
				GCC_C_LANGUAGE_STANDARD = gnu99;
				GCC_NO_COMMON_BLOCKS = YES;
				GCC_WARN_64_TO_32_BIT_CONVERSION = YES;
				GCC_WARN_ABOUT_RETURN_TYPE = YES_ERROR;
				GCC_WARN_UNDECLARED_SELECTOR = YES;
				GCC_WARN_UNINITIALIZED_AUTOS = YES_AGGRESSIVE;
				GCC_WARN_UNUSED_FUNCTION = YES;
				GCC_WARN_UNUSED_VARIABLE = YES;
				IPHONEOS_DEPLOYMENT_TARGET = 9.3;
				MTL_ENABLE_DEBUG_INFO = NO;
				SDKROOT = iphoneos;
				VALIDATE_PRODUCT = YES;
			};
			name = Release;
		};
		0A3A64F41D76982A00C22FD6 /* Debug */ = {
			isa = XCBuildConfiguration;
			baseConfigurationReference = 12690175F5C4453E11583EC9 /* Pods-uSecure.debug.xcconfig */;
			buildSettings = {
				ASSETCATALOG_COMPILER_APPICON_NAME = AppIcon;
				DEVELOPMENT_TEAM = GGSXB9AK9F;
				INFOPLIST_FILE = uSecure/Info.plist;
				IPHONEOS_DEPLOYMENT_TARGET = 10.0;
				LD_RUNPATH_SEARCH_PATHS = "$(inherited) @executable_path/Frameworks";
				LIBRARY_SEARCH_PATHS = "";
				PRODUCT_BUNDLE_IDENTIFIER = com.kgrozav.uSecure;
				PRODUCT_NAME = "$(TARGET_NAME)";
				SWIFT_VERSION = 2.3;
			};
			name = Debug;
		};
		0A3A64F51D76982A00C22FD6 /* Release */ = {
			isa = XCBuildConfiguration;
			baseConfigurationReference = 382F97C9F8CCEBDD57820573 /* Pods-uSecure.release.xcconfig */;
			buildSettings = {
				ASSETCATALOG_COMPILER_APPICON_NAME = AppIcon;
				DEVELOPMENT_TEAM = GGSXB9AK9F;
				INFOPLIST_FILE = uSecure/Info.plist;
				IPHONEOS_DEPLOYMENT_TARGET = 10.0;
				LD_RUNPATH_SEARCH_PATHS = "$(inherited) @executable_path/Frameworks";
				LIBRARY_SEARCH_PATHS = "";
				PRODUCT_BUNDLE_IDENTIFIER = com.kgrozav.uSecure;
				PRODUCT_NAME = "$(TARGET_NAME)";
				SWIFT_VERSION = 2.3;
			};
			name = Release;
		};
		0A3A64F71D76982A00C22FD6 /* Debug */ = {
			isa = XCBuildConfiguration;
			baseConfigurationReference = 48403F365D9F8AD4F2590DCB /* Pods-uSecureTests.debug.xcconfig */;
			buildSettings = {
				BUNDLE_LOADER = "$(TEST_HOST)";
				INFOPLIST_FILE = uSecureTests/Info.plist;
				LD_RUNPATH_SEARCH_PATHS = "$(inherited) @executable_path/Frameworks @loader_path/Frameworks";
				PRODUCT_BUNDLE_IDENTIFIER = com.kgrozav.uSecureTests;
				PRODUCT_NAME = "$(TARGET_NAME)";
				SWIFT_VERSION = 2.3;
				TEST_HOST = "$(BUILT_PRODUCTS_DIR)/uSecure.app/uSecure";
			};
			name = Debug;
		};
		0A3A64F81D76982A00C22FD6 /* Release */ = {
			isa = XCBuildConfiguration;
			baseConfigurationReference = 9F03698B1F87AA988B803FCF /* Pods-uSecureTests.release.xcconfig */;
			buildSettings = {
				BUNDLE_LOADER = "$(TEST_HOST)";
				INFOPLIST_FILE = uSecureTests/Info.plist;
				LD_RUNPATH_SEARCH_PATHS = "$(inherited) @executable_path/Frameworks @loader_path/Frameworks";
				PRODUCT_BUNDLE_IDENTIFIER = com.kgrozav.uSecureTests;
				PRODUCT_NAME = "$(TARGET_NAME)";
				SWIFT_VERSION = 2.3;
				TEST_HOST = "$(BUILT_PRODUCTS_DIR)/uSecure.app/uSecure";
			};
			name = Release;
		};
		0A3A64FA1D76982A00C22FD6 /* Debug */ = {
			isa = XCBuildConfiguration;
			baseConfigurationReference = 4DB15EA5287411C0CB0D4E5B /* Pods-uSecureUITests.debug.xcconfig */;
			buildSettings = {
				INFOPLIST_FILE = uSecureUITests/Info.plist;
				LD_RUNPATH_SEARCH_PATHS = "$(inherited) @executable_path/Frameworks @loader_path/Frameworks";
				PRODUCT_BUNDLE_IDENTIFIER = com.kgrozav.uSecureUITests;
				PRODUCT_NAME = "$(TARGET_NAME)";
				SWIFT_VERSION = 2.3;
				TEST_TARGET_NAME = uSecure;
			};
			name = Debug;
		};
		0A3A64FB1D76982A00C22FD6 /* Release */ = {
			isa = XCBuildConfiguration;
			baseConfigurationReference = 110CE6C815A8A7D4BD412885 /* Pods-uSecureUITests.release.xcconfig */;
			buildSettings = {
				INFOPLIST_FILE = uSecureUITests/Info.plist;
				LD_RUNPATH_SEARCH_PATHS = "$(inherited) @executable_path/Frameworks @loader_path/Frameworks";
				PRODUCT_BUNDLE_IDENTIFIER = com.kgrozav.uSecureUITests;
				PRODUCT_NAME = "$(TARGET_NAME)";
				SWIFT_VERSION = 2.3;
				TEST_TARGET_NAME = uSecure;
			};
			name = Release;
		};
/* End XCBuildConfiguration section */

/* Begin XCConfigurationList section */
		0A3A64C61D76982400C22FD6 /* Build configuration list for PBXProject "uSecure" */ = {
			isa = XCConfigurationList;
			buildConfigurations = (
				0A3A64F11D76982A00C22FD6 /* Debug */,
				0A3A64F21D76982A00C22FD6 /* Release */,
			);
			defaultConfigurationIsVisible = 0;
			defaultConfigurationName = Release;
		};
		0A3A64F31D76982A00C22FD6 /* Build configuration list for PBXNativeTarget "uSecure" */ = {
			isa = XCConfigurationList;
			buildConfigurations = (
				0A3A64F41D76982A00C22FD6 /* Debug */,
				0A3A64F51D76982A00C22FD6 /* Release */,
			);
			defaultConfigurationIsVisible = 0;
			defaultConfigurationName = Release;
		};
		0A3A64F61D76982A00C22FD6 /* Build configuration list for PBXNativeTarget "uSecureTests" */ = {
			isa = XCConfigurationList;
			buildConfigurations = (
				0A3A64F71D76982A00C22FD6 /* Debug */,
				0A3A64F81D76982A00C22FD6 /* Release */,
			);
			defaultConfigurationIsVisible = 0;
			defaultConfigurationName = Release;
		};
		0A3A64F91D76982A00C22FD6 /* Build configuration list for PBXNativeTarget "uSecureUITests" */ = {
			isa = XCConfigurationList;
			buildConfigurations = (
				0A3A64FA1D76982A00C22FD6 /* Debug */,
				0A3A64FB1D76982A00C22FD6 /* Release */,
			);
			defaultConfigurationIsVisible = 0;
			defaultConfigurationName = Release;
		};
/* End XCConfigurationList section */
	};
	rootObject = 0A3A64C31D76982400C22FD6 /* Project object */;
}
